
Microsoft Visual Studio Solution File, Format Version 12.00
# Visual Studio 2013
VisualStudioVersion = 12.0.21005.1
MinimumVisualStudioVersion = 10.0.40219.1
Project("{8BC9CEB8-8B4A-11D0-8D11-00A0C91BC942}") = "19-4-22 多态", "19-4-22 多态\19-4-22 多态.vcxproj", "{E1B8082A-202A-4F2F-AEE0-31EF7CAD10C5}"
EndProject
Global
	GlobalSection(SolutionConfigurationPlatforms) = preSolution
		Debug|Win32 = Debug|Win32
		Release|Win32 = Release|Win32
	EndGlobalSection
	GlobalSection(ProjectConfigurationPlatforms) = postSolution
		{E1B8082A-202A-4F2F-AEE0-31EF7CAD10C5}.Debug|Win32.ActiveCfg = Debug|Win32
		{E1B8082A-202A-4F2F-AEE0-31EF7CAD10C5}.Debug|Win32.Build.0 = Debug|Win32
		{E1B8082A-202A-4F2F-AEE0-31EF7CAD10C5}.Release|Win32.ActiveCfg = Release|Win32
		{E1B8082A-202A-4F2F-AEE0-31EF7CAD10C5}.Release|Win32.Build.0 = Release|Win32
	EndGlobalSection
	GlobalSection(SolutionProperties) = preSolution
		HideSolutionNode = FALSE
	EndGlobalSection
EndGlobal
