
Microsoft Visual Studio Solution File, Format Version 12.00
# Visual Studio 2013
VisualStudioVersion = 12.0.21005.1
MinimumVisualStudioVersion = 10.0.40219.1
Project("{8BC9CEB8-8B4A-11D0-8D11-00A0C91BC942}") = "day3-19-3-9 类与对象", "day3-19-3-9 类与对象\day3-19-3-9 类与对象.vcxproj", "{AC1AD738-7A2E-49D8-9ACC-DEE35D2ACCD7}"
EndProject
Global
	GlobalSection(SolutionConfigurationPlatforms) = preSolution
		Debug|Win32 = Debug|Win32
		Release|Win32 = Release|Win32
	EndGlobalSection
	GlobalSection(ProjectConfigurationPlatforms) = postSolution
		{AC1AD738-7A2E-49D8-9ACC-DEE35D2ACCD7}.Debug|Win32.ActiveCfg = Debug|Win32
		{AC1AD738-7A2E-49D8-9ACC-DEE35D2ACCD7}.Debug|Win32.Build.0 = Debug|Win32
		{AC1AD738-7A2E-49D8-9ACC-DEE35D2ACCD7}.Release|Win32.ActiveCfg = Release|Win32
		{AC1AD738-7A2E-49D8-9ACC-DEE35D2ACCD7}.Release|Win32.Build.0 = Release|Win32
	EndGlobalSection
	GlobalSection(SolutionProperties) = preSolution
		HideSolutionNode = FALSE
	EndGlobalSection
EndGlobal
