
Microsoft Visual Studio Solution File, Format Version 12.00
# Visual Studio 2013
VisualStudioVersion = 12.0.21005.1
MinimumVisualStudioVersion = 10.0.40219.1
Project("{8BC9CEB8-8B4A-11D0-8D11-00A0C91BC942}") = "day10-19-3-22 类与对象（中）", "day10-19-3-22 类与对象（中）\day10-19-3-22 类与对象（中）.vcxproj", "{F8DFB9EB-E142-430A-8767-CD72A03447C2}"
EndProject
Global
	GlobalSection(SolutionConfigurationPlatforms) = preSolution
		Debug|Win32 = Debug|Win32
		Release|Win32 = Release|Win32
	EndGlobalSection
	GlobalSection(ProjectConfigurationPlatforms) = postSolution
		{F8DFB9EB-E142-430A-8767-CD72A03447C2}.Debug|Win32.ActiveCfg = Debug|Win32
		{F8DFB9EB-E142-430A-8767-CD72A03447C2}.Debug|Win32.Build.0 = Debug|Win32
		{F8DFB9EB-E142-430A-8767-CD72A03447C2}.Release|Win32.ActiveCfg = Release|Win32
		{F8DFB9EB-E142-430A-8767-CD72A03447C2}.Release|Win32.Build.0 = Release|Win32
	EndGlobalSection
	GlobalSection(SolutionProperties) = preSolution
		HideSolutionNode = FALSE
	EndGlobalSection
EndGlobal
