
Microsoft Visual Studio Solution File, Format Version 12.00
# Visual Studio 2013
VisualStudioVersion = 12.0.21005.1
MinimumVisualStudioVersion = 10.0.40219.1
Project("{8BC9CEB8-8B4A-11D0-8D11-00A0C91BC942}") = "入门", "入门\入门.vcxproj", "{BF44FE87-89E3-4A53-B366-F9BA83F7FFAF}"
EndProject
Global
	GlobalSection(SolutionConfigurationPlatforms) = preSolution
		Debug|Win32 = Debug|Win32
		Release|Win32 = Release|Win32
	EndGlobalSection
	GlobalSection(ProjectConfigurationPlatforms) = postSolution
		{BF44FE87-89E3-4A53-B366-F9BA83F7FFAF}.Debug|Win32.ActiveCfg = Debug|Win32
		{BF44FE87-89E3-4A53-B366-F9BA83F7FFAF}.Debug|Win32.Build.0 = Debug|Win32
		{BF44FE87-89E3-4A53-B366-F9BA83F7FFAF}.Release|Win32.ActiveCfg = Release|Win32
		{BF44FE87-89E3-4A53-B366-F9BA83F7FFAF}.Release|Win32.Build.0 = Release|Win32
	EndGlobalSection
	GlobalSection(SolutionProperties) = preSolution
		HideSolutionNode = FALSE
	EndGlobalSection
EndGlobal
