
Microsoft Visual Studio Solution File, Format Version 12.00
# Visual Studio 2013
VisualStudioVersion = 12.0.21005.1
MinimumVisualStudioVersion = 10.0.40219.1
Project("{8BC9CEB8-8B4A-11D0-8D11-00A0C91BC942}") = "day8-19-3-17 练习", "day8-19-3-17 练习\day8-19-3-17 练习.vcxproj", "{F4C27FF3-C00D-409E-8AB4-BE9863116CDD}"
EndProject
Global
	GlobalSection(SolutionConfigurationPlatforms) = preSolution
		Debug|Win32 = Debug|Win32
		Release|Win32 = Release|Win32
	EndGlobalSection
	GlobalSection(ProjectConfigurationPlatforms) = postSolution
		{F4C27FF3-C00D-409E-8AB4-BE9863116CDD}.Debug|Win32.ActiveCfg = Debug|Win32
		{F4C27FF3-C00D-409E-8AB4-BE9863116CDD}.Debug|Win32.Build.0 = Debug|Win32
		{F4C27FF3-C00D-409E-8AB4-BE9863116CDD}.Release|Win32.ActiveCfg = Release|Win32
		{F4C27FF3-C00D-409E-8AB4-BE9863116CDD}.Release|Win32.Build.0 = Release|Win32
	EndGlobalSection
	GlobalSection(SolutionProperties) = preSolution
		HideSolutionNode = FALSE
	EndGlobalSection
EndGlobal
